
Microsoft Visual Studio Solution File, Format Version 12.00
# Visual Studio Version 17
VisualStudioVersion = 17.10.35013.160
MinimumVisualStudioVersion = 10.0.40219.1
Project("{9A19103F-16F7-4668-BE54-9A1E7A4F7556}") = "FGR.Api", "FGR.Api\FGR.Api.csproj", "{BBE838ED-0A99-4146-B820-83C838A045AD}"
EndProject
Project("{2150E333-8FDC-42A3-9474-1A3956D46DE8}") = "Common", "Common", "{8378A1CE-8537-4736-959A-8B5B90426E8D}"
EndProject
Project("{9A19103F-16F7-4668-BE54-9A1E7A4F7556}") = "FGR.Common", "FGR.Common\FGR.Common.csproj", "{D34173C5-F7CC-4AEF-9E7A-F8B78AA34630}"
EndProject
Project("{9A19103F-16F7-4668-BE54-9A1E7A4F7556}") = "FGR.Domain", "FGR.Domain\FGR.Domain.csproj", "{DADFEF60-3321-4ED1-8748-9DD381D42318}"
EndProject
Project("{9A19103F-16F7-4668-BE54-9A1E7A4F7556}") = "FGR.Application", "FGR.Application\FGR.Application.csproj", "{EC8EF795-B319-4222-ADBC-D5146E2BFDB0}"
EndProject
Project("{9A19103F-16F7-4668-BE54-9A1E7A4F7556}") = "CommonInterfaces", "CommonInterfaces\CommonInterfaces.csproj", "{485D0FCA-A6B9-4A5A-BDF3-1B6BFFE4C957}"
EndProject
Project("{9A19103F-16F7-4668-BE54-9A1E7A4F7556}") = "FGR.Infrastructure", "FGR.Infrastructure\FGR.Infrastructure.csproj", "{6A08ADF9-4332-41FC-8F14-D77F29F59CB9}"
EndProject
Project("{9A19103F-16F7-4668-BE54-9A1E7A4F7556}") = "CommonConverters", "CommonConverters\CommonConverters.csproj", "{CB9DB4F6-F04D-4923-B3E0-D0857C5B89AC}"
EndProject
Project("{9A19103F-16F7-4668-BE54-9A1E7A4F7556}") = "Authorization.Lib", "Authorization.Lib\Authorization.Lib.csproj", "{BB8FB86F-2D0D-4C6E-B22A-F9DA1A6C5881}"
EndProject
Project("{9A19103F-16F7-4668-BE54-9A1E7A4F7556}") = "Authorization.Core", "Authorization.Core\Authorization.Core.csproj", "{2F31C00B-33EC-4349-A40A-0C940DBAEED4}"
EndProject
Project("{2150E333-8FDC-42A3-9474-1A3956D46DE8}") = "Authorization", "Authorization", "{44405E98-A074-4F04-93DD-1C9F695DEC36}"
EndProject
Project("{9A19103F-16F7-4668-BE54-9A1E7A4F7556}") = "Authorization.SSO", "Authorization.SSO\Authorization.SSO.csproj", "{6B792A14-E423-481B-96F0-BD44EE1DB555}"
EndProject
Project("{9A19103F-16F7-4668-BE54-9A1E7A4F7556}") = "Authorization.MailKitSender", "Authorization.MailKitSender\Authorization.MailKitSender.csproj", "{58CBE83C-A7A5-400A-91EC-48358B3FA527}"
EndProject
Project("{2150E333-8FDC-42A3-9474-1A3956D46DE8}") = "Server", "Server", "{355291F0-CCD5-47CB-AD54-EACB271CFD4D}"
EndProject
Global
	GlobalSection(SolutionConfigurationPlatforms) = preSolution
		BunkeringCoreDebugSVP|Any CPU = BunkeringCoreDebugSVP|Any CPU
		Debug|Any CPU = Debug|Any CPU
		PreLive|Any CPU = PreLive|Any CPU
		Release|Any CPU = Release|Any CPU
	EndGlobalSection
	GlobalSection(ProjectConfigurationPlatforms) = postSolution
		{BBE838ED-0A99-4146-B820-83C838A045AD}.BunkeringCoreDebugSVP|Any CPU.ActiveCfg = Debug|Any CPU
		{BBE838ED-0A99-4146-B820-83C838A045AD}.BunkeringCoreDebugSVP|Any CPU.Build.0 = Debug|Any CPU
		{BBE838ED-0A99-4146-B820-83C838A045AD}.Debug|Any CPU.ActiveCfg = Debug|Any CPU
		{BBE838ED-0A99-4146-B820-83C838A045AD}.Debug|Any CPU.Build.0 = Debug|Any CPU
		{BBE838ED-0A99-4146-B820-83C838A045AD}.PreLive|Any CPU.ActiveCfg = Release|Any CPU
		{BBE838ED-0A99-4146-B820-83C838A045AD}.PreLive|Any CPU.Build.0 = Release|Any CPU
		{BBE838ED-0A99-4146-B820-83C838A045AD}.Release|Any CPU.ActiveCfg = Release|Any CPU
		{BBE838ED-0A99-4146-B820-83C838A045AD}.Release|Any CPU.Build.0 = Release|Any CPU
		{D34173C5-F7CC-4AEF-9E7A-F8B78AA34630}.BunkeringCoreDebugSVP|Any CPU.ActiveCfg = Debug|Any CPU
		{D34173C5-F7CC-4AEF-9E7A-F8B78AA34630}.BunkeringCoreDebugSVP|Any CPU.Build.0 = Debug|Any CPU
		{D34173C5-F7CC-4AEF-9E7A-F8B78AA34630}.Debug|Any CPU.ActiveCfg = Debug|Any CPU
		{D34173C5-F7CC-4AEF-9E7A-F8B78AA34630}.Debug|Any CPU.Build.0 = Debug|Any CPU
		{D34173C5-F7CC-4AEF-9E7A-F8B78AA34630}.PreLive|Any CPU.ActiveCfg = Release|Any CPU
		{D34173C5-F7CC-4AEF-9E7A-F8B78AA34630}.PreLive|Any CPU.Build.0 = Release|Any CPU
		{D34173C5-F7CC-4AEF-9E7A-F8B78AA34630}.Release|Any CPU.ActiveCfg = Release|Any CPU
		{D34173C5-F7CC-4AEF-9E7A-F8B78AA34630}.Release|Any CPU.Build.0 = Release|Any CPU
		{DADFEF60-3321-4ED1-8748-9DD381D42318}.BunkeringCoreDebugSVP|Any CPU.ActiveCfg = Debug|Any CPU
		{DADFEF60-3321-4ED1-8748-9DD381D42318}.BunkeringCoreDebugSVP|Any CPU.Build.0 = Debug|Any CPU
		{DADFEF60-3321-4ED1-8748-9DD381D42318}.Debug|Any CPU.ActiveCfg = Debug|Any CPU
		{DADFEF60-3321-4ED1-8748-9DD381D42318}.Debug|Any CPU.Build.0 = Debug|Any CPU
		{DADFEF60-3321-4ED1-8748-9DD381D42318}.PreLive|Any CPU.ActiveCfg = Release|Any CPU
		{DADFEF60-3321-4ED1-8748-9DD381D42318}.PreLive|Any CPU.Build.0 = Release|Any CPU
		{DADFEF60-3321-4ED1-8748-9DD381D42318}.Release|Any CPU.ActiveCfg = Release|Any CPU
		{DADFEF60-3321-4ED1-8748-9DD381D42318}.Release|Any CPU.Build.0 = Release|Any CPU
		{EC8EF795-B319-4222-ADBC-D5146E2BFDB0}.BunkeringCoreDebugSVP|Any CPU.ActiveCfg = Debug|Any CPU
		{EC8EF795-B319-4222-ADBC-D5146E2BFDB0}.BunkeringCoreDebugSVP|Any CPU.Build.0 = Debug|Any CPU
		{EC8EF795-B319-4222-ADBC-D5146E2BFDB0}.Debug|Any CPU.ActiveCfg = Debug|Any CPU
		{EC8EF795-B319-4222-ADBC-D5146E2BFDB0}.Debug|Any CPU.Build.0 = Debug|Any CPU
		{EC8EF795-B319-4222-ADBC-D5146E2BFDB0}.PreLive|Any CPU.ActiveCfg = Release|Any CPU
		{EC8EF795-B319-4222-ADBC-D5146E2BFDB0}.PreLive|Any CPU.Build.0 = Release|Any CPU
		{EC8EF795-B319-4222-ADBC-D5146E2BFDB0}.Release|Any CPU.ActiveCfg = Release|Any CPU
		{EC8EF795-B319-4222-ADBC-D5146E2BFDB0}.Release|Any CPU.Build.0 = Release|Any CPU
		{485D0FCA-A6B9-4A5A-BDF3-1B6BFFE4C957}.BunkeringCoreDebugSVP|Any CPU.ActiveCfg = Debug|Any CPU
		{485D0FCA-A6B9-4A5A-BDF3-1B6BFFE4C957}.BunkeringCoreDebugSVP|Any CPU.Build.0 = Debug|Any CPU
		{485D0FCA-A6B9-4A5A-BDF3-1B6BFFE4C957}.Debug|Any CPU.ActiveCfg = Debug|Any CPU
		{485D0FCA-A6B9-4A5A-BDF3-1B6BFFE4C957}.Debug|Any CPU.Build.0 = Debug|Any CPU
		{485D0FCA-A6B9-4A5A-BDF3-1B6BFFE4C957}.PreLive|Any CPU.ActiveCfg = Release|Any CPU
		{485D0FCA-A6B9-4A5A-BDF3-1B6BFFE4C957}.PreLive|Any CPU.Build.0 = Release|Any CPU
		{485D0FCA-A6B9-4A5A-BDF3-1B6BFFE4C957}.Release|Any CPU.ActiveCfg = Release|Any CPU
		{485D0FCA-A6B9-4A5A-BDF3-1B6BFFE4C957}.Release|Any CPU.Build.0 = Release|Any CPU
		{6A08ADF9-4332-41FC-8F14-D77F29F59CB9}.BunkeringCoreDebugSVP|Any CPU.ActiveCfg = Debug|Any CPU
		{6A08ADF9-4332-41FC-8F14-D77F29F59CB9}.BunkeringCoreDebugSVP|Any CPU.Build.0 = Debug|Any CPU
		{6A08ADF9-4332-41FC-8F14-D77F29F59CB9}.Debug|Any CPU.ActiveCfg = Debug|Any CPU
		{6A08ADF9-4332-41FC-8F14-D77F29F59CB9}.Debug|Any CPU.Build.0 = Debug|Any CPU
		{6A08ADF9-4332-41FC-8F14-D77F29F59CB9}.PreLive|Any CPU.ActiveCfg = Release|Any CPU
		{6A08ADF9-4332-41FC-8F14-D77F29F59CB9}.PreLive|Any CPU.Build.0 = Release|Any CPU
		{6A08ADF9-4332-41FC-8F14-D77F29F59CB9}.Release|Any CPU.ActiveCfg = Release|Any CPU
		{6A08ADF9-4332-41FC-8F14-D77F29F59CB9}.Release|Any CPU.Build.0 = Release|Any CPU
		{CB9DB4F6-F04D-4923-B3E0-D0857C5B89AC}.BunkeringCoreDebugSVP|Any CPU.ActiveCfg = Debug|Any CPU
		{CB9DB4F6-F04D-4923-B3E0-D0857C5B89AC}.BunkeringCoreDebugSVP|Any CPU.Build.0 = Debug|Any CPU
		{CB9DB4F6-F04D-4923-B3E0-D0857C5B89AC}.Debug|Any CPU.ActiveCfg = Debug|Any CPU
		{CB9DB4F6-F04D-4923-B3E0-D0857C5B89AC}.Debug|Any CPU.Build.0 = Debug|Any CPU
		{CB9DB4F6-F04D-4923-B3E0-D0857C5B89AC}.PreLive|Any CPU.ActiveCfg = Release|Any CPU
		{CB9DB4F6-F04D-4923-B3E0-D0857C5B89AC}.PreLive|Any CPU.Build.0 = Release|Any CPU
		{CB9DB4F6-F04D-4923-B3E0-D0857C5B89AC}.Release|Any CPU.ActiveCfg = Release|Any CPU
		{CB9DB4F6-F04D-4923-B3E0-D0857C5B89AC}.Release|Any CPU.Build.0 = Release|Any CPU
		{BB8FB86F-2D0D-4C6E-B22A-F9DA1A6C5881}.BunkeringCoreDebugSVP|Any CPU.ActiveCfg = Debug|Any CPU
		{BB8FB86F-2D0D-4C6E-B22A-F9DA1A6C5881}.BunkeringCoreDebugSVP|Any CPU.Build.0 = Debug|Any CPU
		{BB8FB86F-2D0D-4C6E-B22A-F9DA1A6C5881}.Debug|Any CPU.ActiveCfg = Debug|Any CPU
		{BB8FB86F-2D0D-4C6E-B22A-F9DA1A6C5881}.Debug|Any CPU.Build.0 = Debug|Any CPU
		{BB8FB86F-2D0D-4C6E-B22A-F9DA1A6C5881}.PreLive|Any CPU.ActiveCfg = Debug|Any CPU
		{BB8FB86F-2D0D-4C6E-B22A-F9DA1A6C5881}.PreLive|Any CPU.Build.0 = Debug|Any CPU
		{BB8FB86F-2D0D-4C6E-B22A-F9DA1A6C5881}.Release|Any CPU.ActiveCfg = Release|Any CPU
		{BB8FB86F-2D0D-4C6E-B22A-F9DA1A6C5881}.Release|Any CPU.Build.0 = Release|Any CPU
		{2F31C00B-33EC-4349-A40A-0C940DBAEED4}.BunkeringCoreDebugSVP|Any CPU.ActiveCfg = BunkeringCoreDebugSVP|Any CPU
		{2F31C00B-33EC-4349-A40A-0C940DBAEED4}.BunkeringCoreDebugSVP|Any CPU.Build.0 = BunkeringCoreDebugSVP|Any CPU
		{2F31C00B-33EC-4349-A40A-0C940DBAEED4}.Debug|Any CPU.ActiveCfg = Debug|Any CPU
		{2F31C00B-33EC-4349-A40A-0C940DBAEED4}.Debug|Any CPU.Build.0 = Debug|Any CPU
		{2F31C00B-33EC-4349-A40A-0C940DBAEED4}.PreLive|Any CPU.ActiveCfg = PreLive|Any CPU
		{2F31C00B-33EC-4349-A40A-0C940DBAEED4}.PreLive|Any CPU.Build.0 = PreLive|Any CPU
		{2F31C00B-33EC-4349-A40A-0C940DBAEED4}.Release|Any CPU.ActiveCfg = Release|Any CPU
		{2F31C00B-33EC-4349-A40A-0C940DBAEED4}.Release|Any CPU.Build.0 = Release|Any CPU
		{6B792A14-E423-481B-96F0-BD44EE1DB555}.BunkeringCoreDebugSVP|Any CPU.ActiveCfg = Debug|Any CPU
		{6B792A14-E423-481B-96F0-BD44EE1DB555}.BunkeringCoreDebugSVP|Any CPU.Build.0 = Debug|Any CPU
		{6B792A14-E423-481B-96F0-BD44EE1DB555}.Debug|Any CPU.ActiveCfg = Debug|Any CPU
		{6B792A14-E423-481B-96F0-BD44EE1DB555}.Debug|Any CPU.Build.0 = Debug|Any CPU
		{6B792A14-E423-481B-96F0-BD44EE1DB555}.PreLive|Any CPU.ActiveCfg = Debug|Any CPU
		{6B792A14-E423-481B-96F0-BD44EE1DB555}.PreLive|Any CPU.Build.0 = Debug|Any CPU
		{6B792A14-E423-481B-96F0-BD44EE1DB555}.Release|Any CPU.ActiveCfg = Release|Any CPU
		{6B792A14-E423-481B-96F0-BD44EE1DB555}.Release|Any CPU.Build.0 = Release|Any CPU
		{58CBE83C-A7A5-400A-91EC-48358B3FA527}.BunkeringCoreDebugSVP|Any CPU.ActiveCfg = Debug|Any CPU
		{58CBE83C-A7A5-400A-91EC-48358B3FA527}.BunkeringCoreDebugSVP|Any CPU.Build.0 = Debug|Any CPU
		{58CBE83C-A7A5-400A-91EC-48358B3FA527}.Debug|Any CPU.ActiveCfg = Debug|Any CPU
		{58CBE83C-A7A5-400A-91EC-48358B3FA527}.Debug|Any CPU.Build.0 = Debug|Any CPU
		{58CBE83C-A7A5-400A-91EC-48358B3FA527}.PreLive|Any CPU.ActiveCfg = Debug|Any CPU
		{58CBE83C-A7A5-400A-91EC-48358B3FA527}.PreLive|Any CPU.Build.0 = Debug|Any CPU
		{58CBE83C-A7A5-400A-91EC-48358B3FA527}.Release|Any CPU.ActiveCfg = Release|Any CPU
		{58CBE83C-A7A5-400A-91EC-48358B3FA527}.Release|Any CPU.Build.0 = Release|Any CPU
	EndGlobalSection
	GlobalSection(SolutionProperties) = preSolution
		HideSolutionNode = FALSE
	EndGlobalSection
	GlobalSection(NestedProjects) = preSolution
		{485D0FCA-A6B9-4A5A-BDF3-1B6BFFE4C957} = {8378A1CE-8537-4736-959A-8B5B90426E8D}
		{CB9DB4F6-F04D-4923-B3E0-D0857C5B89AC} = {8378A1CE-8537-4736-959A-8B5B90426E8D}
		{BB8FB86F-2D0D-4C6E-B22A-F9DA1A6C5881} = {44405E98-A074-4F04-93DD-1C9F695DEC36}
		{2F31C00B-33EC-4349-A40A-0C940DBAEED4} = {355291F0-CCD5-47CB-AD54-EACB271CFD4D}
		{6B792A14-E423-481B-96F0-BD44EE1DB555} = {355291F0-CCD5-47CB-AD54-EACB271CFD4D}
		{58CBE83C-A7A5-400A-91EC-48358B3FA527} = {355291F0-CCD5-47CB-AD54-EACB271CFD4D}
		{355291F0-CCD5-47CB-AD54-EACB271CFD4D} = {44405E98-A074-4F04-93DD-1C9F695DEC36}
	EndGlobalSection
	GlobalSection(ExtensibilityGlobals) = postSolution
		SolutionGuid = {146DE577-3A69-4FF4-97F9-A35F972622BE}
	EndGlobalSection
EndGlobal
